
Microsoft Visual Studio Solution File, Format Version 12.00
# Visual Studio Version 17
VisualStudioVersion = 17.8.34330.188
MinimumVisualStudioVersion = 10.0.40219.1
Project("{FAE04EC0-301F-11D3-BF4B-00C04F79EFBC}") = "Week15OOPAndFiles", "Week15OOPAndFiles\Week15OOPAndFiles.csproj", "{087D873F-E5A3-4E40-870A-133CA276A0F1}"
EndProject
Project("{FAE04EC0-301F-11D3-BF4B-00C04F79EFBC}") = "Week15Frozen", "Week15Frozen\Week15Frozen.csproj", "{BDBF5654-62FF-42C2-955D-80FB6CDA2B5D}"
EndProject
Global
	GlobalSection(SolutionConfigurationPlatforms) = preSolution
		Debug|Any CPU = Debug|Any CPU
		Release|Any CPU = Release|Any CPU
	EndGlobalSection
	GlobalSection(ProjectConfigurationPlatforms) = postSolution
		{087D873F-E5A3-4E40-870A-133CA276A0F1}.Debug|Any CPU.ActiveCfg = Debug|Any CPU
		{087D873F-E5A3-4E40-870A-133CA276A0F1}.Debug|Any CPU.Build.0 = Debug|Any CPU
		{087D873F-E5A3-4E40-870A-133CA276A0F1}.Release|Any CPU.ActiveCfg = Release|Any CPU
		{087D873F-E5A3-4E40-870A-133CA276A0F1}.Release|Any CPU.Build.0 = Release|Any CPU
		{BDBF5654-62FF-42C2-955D-80FB6CDA2B5D}.Debug|Any CPU.ActiveCfg = Debug|Any CPU
		{BDBF5654-62FF-42C2-955D-80FB6CDA2B5D}.Debug|Any CPU.Build.0 = Debug|Any CPU
		{BDBF5654-62FF-42C2-955D-80FB6CDA2B5D}.Release|Any CPU.ActiveCfg = Release|Any CPU
		{BDBF5654-62FF-42C2-955D-80FB6CDA2B5D}.Release|Any CPU.Build.0 = Release|Any CPU
	EndGlobalSection
	GlobalSection(SolutionProperties) = preSolution
		HideSolutionNode = FALSE
	EndGlobalSection
	GlobalSection(ExtensibilityGlobals) = postSolution
		SolutionGuid = {A3A3B380-7B01-4C81-9524-6977052D19F7}
	EndGlobalSection
EndGlobal
